PODS:
  - AMCoreAudio (3.4)
  - EmitterKit (5.2.2)
  - KeychainSwift (13.0.0)
  - ReSwift (6.1.0)
  - STPrivilegedTask (1.0.7)
  - SwiftHTTP (3.0.1)
  - SwiftyJSON (4.3.0)
  - SwiftyUserDefaults (4.0.0)
  - WebViewJavascriptBridge (6.0.3)
  - Zip (2.1.1)

DEPENDENCIES:
  - AMCoreAudio (from `AMCoreAudio.podspec`)
  - EmitterKit (~> 5.2.2)
  - KeychainSwift (~> 13.0)
  - ReSwift (~> 6.1)
  - STPrivilegedTask (from `https://github.com/sveinbjornt/STPrivilegedTask.git`, commit `fdca677c77adb166a2be4c5ea9c7580a738c49c9`)
  - SwiftHTTP (~> 3.0)
  - SwiftyJSON (~> 4.2)
  - SwiftyUserDefaults (= 4.0)
  - WebViewJavascriptBridge (~> 6.0)
  - Zip (from `https://github.com/bitgapp/Zip.git`)

SPEC REPOS:
  trunk:
    - EmitterKit
    - KeychainSwift
    - ReSwift
    - SwiftHTTP
    - SwiftyJSON
    - SwiftyUserDefaults
    - WebViewJavascriptBridge

EXTERNAL SOURCES:
  AMCoreAudio:
    :podspec: AMCoreAudio.podspec
  STPrivilegedTask:
    :commit: fdca677c77adb166a2be4c5ea9c7580a738c49c9
    :git: https://github.com/sveinbjornt/STPrivilegedTask.git
  Zip:
    :git: https://github.com/bitgapp/Zip.git

CHECKOUT OPTIONS:
  STPrivilegedTask:
    :commit: fdca677c77adb166a2be4c5ea9c7580a738c49c9
    :git: https://github.com/sveinbjornt/STPrivilegedTask.git
  Zip:
    :commit: 7d91fccaa887d8a0e09434a6bae6768a22360539
    :git: https://github.com/bitgapp/Zip.git

SPEC CHECKSUMS:
  AMCoreAudio: 6192e3374431136a2ac6703fdf8a9a42b8f66d54
  EmitterKit: e7a27b37118823d8ad413b8396f75e40d59f8cba
  KeychainSwift: 23d6c16cbc33f20fafa30c3d783241b4b87d998c
  ReSwift: eab3c01e4279ba81b54a61e4fd6499634d20123a
  STPrivilegedTask: 56c3397238a1ec07720fb877a044898373cd2c68
  SwiftHTTP: e94f1aa8cde58637dcc0100f6349de31a3337fde
  SwiftyJSON: 6faa0040f8b59dead0ee07436cbf76b73c08fd08
  SwiftyUserDefaults: 6a1951df1daa19337862b677dd9a4b9bd4c288cd
  WebViewJavascriptBridge: 7f5bc4d3581e672e8f32bd0f812d54bc69bb8e29
  Zip: 414f59909701fda9a84ab774ebe0f5449b1082cc

PODFILE CHECKSUM: e268bd75fd05c5bb97dc0eba00b1aab959bb8995

COCOAPODS: 1.17.0
